
Microsoft Visual Studio Solution File, Format Version 12.00
# Visual Studio Version 16
VisualStudioVersion = 16.0.30114.105
MinimumVisualStudioVersion = 10.0.40219.1
Project("{9A19103F-16F7-4668-BE54-9A1E7A4F7556}") = "Sockety", "Sockety\Sockety.csproj", "{4683B55B-CCED-4583-B05F-FB2C0C2CD81F}"
EndProject
Project("{2150E333-8FDC-42A3-9474-1A3956D46DE8}") = "Example", "Example", "{576F8AAA-6C28-41FB-AD9F-F894A27D1363}"
EndProject
Project("{9A19103F-16F7-4668-BE54-9A1E7A4F7556}") = "SocketyClient", "Example\SocketyClient\SocketyClient.csproj", "{E15D4619-1160-4A93-9662-1EDA9C99AEE0}"
EndProject
Project("{FAE04EC0-301F-11D3-BF4B-00C04F79EFBC}") = "SocketyClientUWP", "Example\SocketyClientUWP\SocketyClientUWP.csproj", "{6EF8BDA2-FE51-4A0B-969B-AECCBA0334C8}"
EndProject
Project("{9A19103F-16F7-4668-BE54-9A1E7A4F7556}") = "SocketyServer", "Example\SocketyServer\SocketyServer.csproj", "{CE1C2E23-CB5A-4764-860D-234EA6A63462}"
EndProject
Global
	GlobalSection(SolutionConfigurationPlatforms) = preSolution
		Debug|Any CPU = Debug|Any CPU
		Debug|ARM = Debug|ARM
		Debug|ARM64 = Debug|ARM64
		Debug|x64 = Debug|x64
		Debug|x86 = Debug|x86
		Release|Any CPU = Release|Any CPU
		Release|ARM = Release|ARM
		Release|ARM64 = Release|ARM64
		Release|x64 = Release|x64
		Release|x86 = Release|x86
	EndGlobalSection
	GlobalSection(ProjectConfigurationPlatforms) = postSolution
		{4683B55B-CCED-4583-B05F-FB2C0C2CD81F}.Debug|Any CPU.ActiveCfg = Debug|Any CPU
		{4683B55B-CCED-4583-B05F-FB2C0C2CD81F}.Debug|Any CPU.Build.0 = Debug|Any CPU
		{4683B55B-CCED-4583-B05F-FB2C0C2CD81F}.Debug|ARM.ActiveCfg = Debug|Any CPU
		{4683B55B-CCED-4583-B05F-FB2C0C2CD81F}.Debug|ARM.Build.0 = Debug|Any CPU
		{4683B55B-CCED-4583-B05F-FB2C0C2CD81F}.Debug|ARM64.ActiveCfg = Debug|Any CPU
		{4683B55B-CCED-4583-B05F-FB2C0C2CD81F}.Debug|ARM64.Build.0 = Debug|Any CPU
		{4683B55B-CCED-4583-B05F-FB2C0C2CD81F}.Debug|x64.ActiveCfg = Debug|Any CPU
		{4683B55B-CCED-4583-B05F-FB2C0C2CD81F}.Debug|x64.Build.0 = Debug|Any CPU
		{4683B55B-CCED-4583-B05F-FB2C0C2CD81F}.Debug|x86.ActiveCfg = Debug|Any CPU
		{4683B55B-CCED-4583-B05F-FB2C0C2CD81F}.Debug|x86.Build.0 = Debug|Any CPU
		{4683B55B-CCED-4583-B05F-FB2C0C2CD81F}.Release|Any CPU.ActiveCfg = Release|Any CPU
		{4683B55B-CCED-4583-B05F-FB2C0C2CD81F}.Release|Any CPU.Build.0 = Release|Any CPU
		{4683B55B-CCED-4583-B05F-FB2C0C2CD81F}.Release|ARM.ActiveCfg = Release|Any CPU
		{4683B55B-CCED-4583-B05F-FB2C0C2CD81F}.Release|ARM.Build.0 = Release|Any CPU
		{4683B55B-CCED-4583-B05F-FB2C0C2CD81F}.Release|ARM64.ActiveCfg = Release|Any CPU
		{4683B55B-CCED-4583-B05F-FB2C0C2CD81F}.Release|ARM64.Build.0 = Release|Any CPU
		{4683B55B-CCED-4583-B05F-FB2C0C2CD81F}.Release|x64.ActiveCfg = Release|Any CPU
		{4683B55B-CCED-4583-B05F-FB2C0C2CD81F}.Release|x64.Build.0 = Release|Any CPU
		{4683B55B-CCED-4583-B05F-FB2C0C2CD81F}.Release|x86.ActiveCfg = Release|Any CPU
		{4683B55B-CCED-4583-B05F-FB2C0C2CD81F}.Release|x86.Build.0 = Release|Any CPU
		{E15D4619-1160-4A93-9662-1EDA9C99AEE0}.Debug|Any CPU.ActiveCfg = Debug|Any CPU
		{E15D4619-1160-4A93-9662-1EDA9C99AEE0}.Debug|Any CPU.Build.0 = Debug|Any CPU
		{E15D4619-1160-4A93-9662-1EDA9C99AEE0}.Debug|ARM.ActiveCfg = Debug|Any CPU
		{E15D4619-1160-4A93-9662-1EDA9C99AEE0}.Debug|ARM.Build.0 = Debug|Any CPU
		{E15D4619-1160-4A93-9662-1EDA9C99AEE0}.Debug|ARM64.ActiveCfg = Debug|Any CPU
		{E15D4619-1160-4A93-9662-1EDA9C99AEE0}.Debug|ARM64.Build.0 = Debug|Any CPU
		{E15D4619-1160-4A93-9662-1EDA9C99AEE0}.Debug|x64.ActiveCfg = Debug|Any CPU
		{E15D4619-1160-4A93-9662-1EDA9C99AEE0}.Debug|x64.Build.0 = Debug|Any CPU
		{E15D4619-1160-4A93-9662-1EDA9C99AEE0}.Debug|x86.ActiveCfg = Debug|Any CPU
		{E15D4619-1160-4A93-9662-1EDA9C99AEE0}.Debug|x86.Build.0 = Debug|Any CPU
		{E15D4619-1160-4A93-9662-1EDA9C99AEE0}.Release|Any CPU.ActiveCfg = Release|Any CPU
		{E15D4619-1160-4A93-9662-1EDA9C99AEE0}.Release|Any CPU.Build.0 = Release|Any CPU
		{E15D4619-1160-4A93-9662-1EDA9C99AEE0}.Release|ARM.ActiveCfg = Release|Any CPU
		{E15D4619-1160-4A93-9662-1EDA9C99AEE0}.Release|ARM.Build.0 = Release|Any CPU
		{E15D4619-1160-4A93-9662-1EDA9C99AEE0}.Release|ARM64.ActiveCfg = Release|Any CPU
		{E15D4619-1160-4A93-9662-1EDA9C99AEE0}.Release|ARM64.Build.0 = Release|Any CPU
		{E15D4619-1160-4A93-9662-1EDA9C99AEE0}.Release|x64.ActiveCfg = Release|Any CPU
		{E15D4619-1160-4A93-9662-1EDA9C99AEE0}.Release|x64.Build.0 = Release|Any CPU
		{E15D4619-1160-4A93-9662-1EDA9C99AEE0}.Release|x86.ActiveCfg = Release|Any CPU
		{E15D4619-1160-4A93-9662-1EDA9C99AEE0}.Release|x86.Build.0 = Release|Any CPU
		{6EF8BDA2-FE51-4A0B-969B-AECCBA0334C8}.Debug|Any CPU.ActiveCfg = Debug|x86
		{6EF8BDA2-FE51-4A0B-969B-AECCBA0334C8}.Debug|ARM.ActiveCfg = Debug|ARM
		{6EF8BDA2-FE51-4A0B-969B-AECCBA0334C8}.Debug|ARM.Build.0 = Debug|ARM
		{6EF8BDA2-FE51-4A0B-969B-AECCBA0334C8}.Debug|ARM.Deploy.0 = Debug|ARM
		{6EF8BDA2-FE51-4A0B-969B-AECCBA0334C8}.Debug|ARM64.ActiveCfg = Debug|ARM64
		{6EF8BDA2-FE51-4A0B-969B-AECCBA0334C8}.Debug|ARM64.Build.0 = Debug|ARM64
		{6EF8BDA2-FE51-4A0B-969B-AECCBA0334C8}.Debug|ARM64.Deploy.0 = Debug|ARM64
		{6EF8BDA2-FE51-4A0B-969B-AECCBA0334C8}.Debug|x64.ActiveCfg = Debug|x64
		{6EF8BDA2-FE51-4A0B-969B-AECCBA0334C8}.Debug|x64.Build.0 = Debug|x64
		{6EF8BDA2-FE51-4A0B-969B-AECCBA0334C8}.Debug|x64.Deploy.0 = Debug|x64
		{6EF8BDA2-FE51-4A0B-969B-AECCBA0334C8}.Debug|x86.ActiveCfg = Debug|x86
		{6EF8BDA2-FE51-4A0B-969B-AECCBA0334C8}.Debug|x86.Build.0 = Debug|x86
		{6EF8BDA2-FE51-4A0B-969B-AECCBA0334C8}.Debug|x86.Deploy.0 = Debug|x86
		{6EF8BDA2-FE51-4A0B-969B-AECCBA0334C8}.Release|Any CPU.ActiveCfg = Release|x86
		{6EF8BDA2-FE51-4A0B-969B-AECCBA0334C8}.Release|ARM.ActiveCfg = Release|ARM
		{6EF8BDA2-FE51-4A0B-969B-AECCBA0334C8}.Release|ARM.Build.0 = Release|ARM
		{6EF8BDA2-FE51-4A0B-969B-AECCBA0334C8}.Release|ARM.Deploy.0 = Release|ARM
		{6EF8BDA2-FE51-4A0B-969B-AECCBA0334C8}.Release|ARM64.ActiveCfg = Release|ARM64
		{6EF8BDA2-FE51-4A0B-969B-AECCBA0334C8}.Release|ARM64.Build.0 = Release|ARM64
		{6EF8BDA2-FE51-4A0B-969B-AECCBA0334C8}.Release|ARM64.Deploy.0 = Release|ARM64
		{6EF8BDA2-FE51-4A0B-969B-AECCBA0334C8}.Release|x64.ActiveCfg = Release|x64
		{6EF8BDA2-FE51-4A0B-969B-AECCBA0334C8}.Release|x64.Build.0 = Release|x64
		{6EF8BDA2-FE51-4A0B-969B-AECCBA0334C8}.Release|x64.Deploy.0 = Release|x64
		{6EF8BDA2-FE51-4A0B-969B-AECCBA0334C8}.Release|x86.ActiveCfg = Release|x86
		{6EF8BDA2-FE51-4A0B-969B-AECCBA0334C8}.Release|x86.Build.0 = Release|x86
		{6EF8BDA2-FE51-4A0B-969B-AECCBA0334C8}.Release|x86.Deploy.0 = Release|x86
		{CE1C2E23-CB5A-4764-860D-234EA6A63462}.Debug|Any CPU.ActiveCfg = Debug|Any CPU
		{CE1C2E23-CB5A-4764-860D-234EA6A63462}.Debug|Any CPU.Build.0 = Debug|Any CPU
		{CE1C2E23-CB5A-4764-860D-234EA6A63462}.Debug|ARM.ActiveCfg = Debug|Any CPU
		{CE1C2E23-CB5A-4764-860D-234EA6A63462}.Debug|ARM.Build.0 = Debug|Any CPU
		{CE1C2E23-CB5A-4764-860D-234EA6A63462}.Debug|ARM64.ActiveCfg = Debug|Any CPU
		{CE1C2E23-CB5A-4764-860D-234EA6A63462}.Debug|ARM64.Build.0 = Debug|Any CPU
		{CE1C2E23-CB5A-4764-860D-234EA6A63462}.Debug|x64.ActiveCfg = Debug|Any CPU
		{CE1C2E23-CB5A-4764-860D-234EA6A63462}.Debug|x64.Build.0 = Debug|Any CPU
		{CE1C2E23-CB5A-4764-860D-234EA6A63462}.Debug|x86.ActiveCfg = Debug|Any CPU
		{CE1C2E23-CB5A-4764-860D-234EA6A63462}.Debug|x86.Build.0 = Debug|Any CPU
		{CE1C2E23-CB5A-4764-860D-234EA6A63462}.Release|Any CPU.ActiveCfg = Release|Any CPU
		{CE1C2E23-CB5A-4764-860D-234EA6A63462}.Release|Any CPU.Build.0 = Release|Any CPU
		{CE1C2E23-CB5A-4764-860D-234EA6A63462}.Release|ARM.ActiveCfg = Release|Any CPU
		{CE1C2E23-CB5A-4764-860D-234EA6A63462}.Release|ARM.Build.0 = Release|Any CPU
		{CE1C2E23-CB5A-4764-860D-234EA6A63462}.Release|ARM64.ActiveCfg = Release|Any CPU
		{CE1C2E23-CB5A-4764-860D-234EA6A63462}.Release|ARM64.Build.0 = Release|Any CPU
		{CE1C2E23-CB5A-4764-860D-234EA6A63462}.Release|x64.ActiveCfg = Release|Any CPU
		{CE1C2E23-CB5A-4764-860D-234EA6A63462}.Release|x64.Build.0 = Release|Any CPU
		{CE1C2E23-CB5A-4764-860D-234EA6A63462}.Release|x86.ActiveCfg = Release|Any CPU
		{CE1C2E23-CB5A-4764-860D-234EA6A63462}.Release|x86.Build.0 = Release|Any CPU
	EndGlobalSection
	GlobalSection(SolutionProperties) = preSolution
		HideSolutionNode = FALSE
	EndGlobalSection
	GlobalSection(NestedProjects) = preSolution
		{E15D4619-1160-4A93-9662-1EDA9C99AEE0} = {576F8AAA-6C28-41FB-AD9F-F894A27D1363}
		{6EF8BDA2-FE51-4A0B-969B-AECCBA0334C8} = {576F8AAA-6C28-41FB-AD9F-F894A27D1363}
		{CE1C2E23-CB5A-4764-860D-234EA6A63462} = {576F8AAA-6C28-41FB-AD9F-F894A27D1363}
	EndGlobalSection
	GlobalSection(ExtensibilityGlobals) = postSolution
		SolutionGuid = {E3AFDD92-0387-4F11-B492-2EB3FC6CC2C4}
	EndGlobalSection
EndGlobal
